
Microsoft Visual Studio Solution File, Format Version 12.00
# Visual Studio Version 16
VisualStudioVersion = 16.0.29905.134
MinimumVisualStudioVersion = 10.0.40219.1
Project("{FAE04EC0-301F-11D3-BF4B-00C04F79EFBC}") = "EmployeeManagementSystem", "EmployeeManagementSystem\EmployeeManagementSystem.csproj", "{09A78E4F-048A-4635-A650-457641B45519}"
EndProject
Project("{FAE04EC0-301F-11D3-BF4B-00C04F79EFBC}") = "EMS.Model", "EMS.Model\EMS.Model.csproj", "{A5575EA0-0893-462D-87E2-1EDFD23D72C5}"
EndProject
Global
	GlobalSection(SolutionConfigurationPlatforms) = preSolution
		Debug|Any CPU = Debug|Any CPU
		Release|Any CPU = Release|Any CPU
	EndGlobalSection
	GlobalSection(ProjectConfigurationPlatforms) = postSolution
		{09A78E4F-048A-4635-A650-457641B45519}.Debug|Any CPU.ActiveCfg = Debug|Any CPU
		{09A78E4F-048A-4635-A650-457641B45519}.Debug|Any CPU.Build.0 = Debug|Any CPU
		{09A78E4F-048A-4635-A650-457641B45519}.Release|Any CPU.ActiveCfg = Release|Any CPU
		{09A78E4F-048A-4635-A650-457641B45519}.Release|Any CPU.Build.0 = Release|Any CPU
		{A5575EA0-0893-462D-87E2-1EDFD23D72C5}.Debug|Any CPU.ActiveCfg = Debug|Any CPU
		{A5575EA0-0893-462D-87E2-1EDFD23D72C5}.Debug|Any CPU.Build.0 = Debug|Any CPU
		{A5575EA0-0893-462D-87E2-1EDFD23D72C5}.Release|Any CPU.ActiveCfg = Release|Any CPU
		{A5575EA0-0893-462D-87E2-1EDFD23D72C5}.Release|Any CPU.Build.0 = Release|Any CPU
	EndGlobalSection
	GlobalSection(SolutionProperties) = preSolution
		HideSolutionNode = FALSE
	EndGlobalSection
	GlobalSection(ExtensibilityGlobals) = postSolution
		SolutionGuid = {B6F257A1-BA11-4949-B657-C242C7AFEA67}
	EndGlobalSection
EndGlobal
